schema: '2.0'
stages:
  data_ingestion:
    cmd: python src/data_ingestion.py
    deps:
    - path: src/data_ingestion.py
      hash: md5
      md5: baf6b9d3d2929b49ee95da0c4660c532
      size: 2783
    outs:
    - path: artifacts/raw/
      hash: md5
      md5: adfb9f01a07ced01f71d76b2cc3d7908.dir
      size: 2442191
      nfiles: 666
  model_training:
    cmd: python src/model_training.py
    deps:
    - path: artifacts/raw/
      hash: md5
      md5: adfb9f01a07ced01f71d76b2cc3d7908.dir
      size: 2442191
      nfiles: 666
    - path: src/model_training.py
      hash: md5
      md5: 7d799d5836ae2fee34dceaadc63502a0
      size: 6784
    outs:
    - path: artifacts/models/fasterrcnn.pth
      hash: md5
      md5: 16297fcef2b5de09e4b775e381fcd4c7
      size: 165724408
